
Microsoft Visual Studio Solution File, Format Version 12.00
# Visual Studio Version 17
VisualStudioVersion = 17.12.35527.113
MinimumVisualStudioVersion = 10.0.40219.1
Project("{FAE04EC0-301F-11D3-BF4B-00C04F79EFBC}") = "EDevlet.Document.Request", "EDevlet.Document.Request\EDevlet.Document.Request.csproj", "{E6A84C0D-DA8E-41BA-8032-D160F4759003}"
EndProject
Project("{FAE04EC0-301F-11D3-BF4B-00C04F79EFBC}") = "EDevlet.Document.Common", "EDevlet.Document.Common\EDevlet.Document.Common.csproj", "{35DB493D-B837-4818-AC1D-70236B3D930B}"
EndProject
Project("{FAE04EC0-301F-11D3-BF4B-00C04F79EFBC}") = "EDevlet.Document.Creator", "EDevlet.Document.Creator\EDevlet.Document.Creator.csproj", "{E0D9FF84-74AD-4290-84F6-E9638CB5FD8A}"
EndProject
Global
	GlobalSection(SolutionConfigurationPlatforms) = preSolution
		Debug|Any CPU = Debug|Any CPU
		Release|Any CPU = Release|Any CPU
	EndGlobalSection
	GlobalSection(ProjectConfigurationPlatforms) = postSolution
		{E6A84C0D-DA8E-41BA-8032-D160F4759003}.Debug|Any CPU.ActiveCfg = Debug|Any CPU
		{E6A84C0D-DA8E-41BA-8032-D160F4759003}.Debug|Any CPU.Build.0 = Debug|Any CPU
		{E6A84C0D-DA8E-41BA-8032-D160F4759003}.Release|Any CPU.ActiveCfg = Release|Any CPU
		{E6A84C0D-DA8E-41BA-8032-D160F4759003}.Release|Any CPU.Build.0 = Release|Any CPU
		{35DB493D-B837-4818-AC1D-70236B3D930B}.Debug|Any CPU.ActiveCfg = Debug|Any CPU
		{35DB493D-B837-4818-AC1D-70236B3D930B}.Debug|Any CPU.Build.0 = Debug|Any CPU
		{35DB493D-B837-4818-AC1D-70236B3D930B}.Release|Any CPU.ActiveCfg = Release|Any CPU
		{35DB493D-B837-4818-AC1D-70236B3D930B}.Release|Any CPU.Build.0 = Release|Any CPU
		{E0D9FF84-74AD-4290-84F6-E9638CB5FD8A}.Debug|Any CPU.ActiveCfg = Debug|Any CPU
		{E0D9FF84-74AD-4290-84F6-E9638CB5FD8A}.Debug|Any CPU.Build.0 = Debug|Any CPU
		{E0D9FF84-74AD-4290-84F6-E9638CB5FD8A}.Release|Any CPU.ActiveCfg = Release|Any CPU
		{E0D9FF84-74AD-4290-84F6-E9638CB5FD8A}.Release|Any CPU.Build.0 = Release|Any CPU
	EndGlobalSection
	GlobalSection(SolutionProperties) = preSolution
		HideSolutionNode = FALSE
	EndGlobalSection
EndGlobal
